
Microsoft Visual Studio Solution File, Format Version 12.00
Project("{FAE04EC0-301F-11D3-BF4B-00C04F79EFBC}") = "Domain", "Domain\Domain.csproj", "{A732D031-0CC1-47F7-B3FA-0C8FE5A9B78A}"
EndProject
Project("{FAE04EC0-301F-11D3-BF4B-00C04F79EFBC}") = "Blazor", "Blazor\Blazor.csproj", "{FA8833FE-6C31-443C-AA7C-F6981C0A5096}"
EndProject
Project("{FAE04EC0-301F-11D3-BF4B-00C04F79EFBC}") = "FileData", "FileData\FileData.csproj", "{B0EF3F36-1DE5-4262-8B26-6BDE207A920F}"
EndProject
Global
	GlobalSection(SolutionConfigurationPlatforms) = preSolution
		Debug|Any CPU = Debug|Any CPU
		Release|Any CPU = Release|Any CPU
	EndGlobalSection
	GlobalSection(ProjectConfigurationPlatforms) = postSolution
		{A732D031-0CC1-47F7-B3FA-0C8FE5A9B78A}.Debug|Any CPU.ActiveCfg = Debug|Any CPU
		{A732D031-0CC1-47F7-B3FA-0C8FE5A9B78A}.Debug|Any CPU.Build.0 = Debug|Any CPU
		{A732D031-0CC1-47F7-B3FA-0C8FE5A9B78A}.Release|Any CPU.ActiveCfg = Release|Any CPU
		{A732D031-0CC1-47F7-B3FA-0C8FE5A9B78A}.Release|Any CPU.Build.0 = Release|Any CPU
		{FA8833FE-6C31-443C-AA7C-F6981C0A5096}.Debug|Any CPU.ActiveCfg = Debug|Any CPU
		{FA8833FE-6C31-443C-AA7C-F6981C0A5096}.Debug|Any CPU.Build.0 = Debug|Any CPU
		{FA8833FE-6C31-443C-AA7C-F6981C0A5096}.Release|Any CPU.ActiveCfg = Release|Any CPU
		{FA8833FE-6C31-443C-AA7C-F6981C0A5096}.Release|Any CPU.Build.0 = Release|Any CPU
		{B0EF3F36-1DE5-4262-8B26-6BDE207A920F}.Debug|Any CPU.ActiveCfg = Debug|Any CPU
		{B0EF3F36-1DE5-4262-8B26-6BDE207A920F}.Debug|Any CPU.Build.0 = Debug|Any CPU
		{B0EF3F36-1DE5-4262-8B26-6BDE207A920F}.Release|Any CPU.ActiveCfg = Release|Any CPU
		{B0EF3F36-1DE5-4262-8B26-6BDE207A920F}.Release|Any CPU.Build.0 = Release|Any CPU
	EndGlobalSection
EndGlobal
